// !$*UTF8*$!
{
	archiveVersion = 1;
	classes = {
	};
	objectVersion = 56;
	objects = {

/* Begin PBXBuildFile section */
		7240BACF2A4ACE0700121B7F /* AppDelegate.swift in Sources */ = {isa = PBXBuildFile; fileRef = 7240BACE2A4ACE0700121B7F /* AppDelegate.swift */; };
		7240BAD12A4ACE0700121B7F /* SceneDelegate.swift in Sources */ = {isa = PBXBuildFile; fileRef = 7240BAD02A4ACE0700121B7F /* SceneDelegate.swift */; };
		7240BAD32A4ACE0700121B7F /* ViewController.swift in Sources */ = {isa = PBXBuildFile; fileRef = 7240BAD22A4ACE0700121B7F /* ViewController.swift */; };
		7240BAD62A4ACE0700121B7F /* Main.storyboard in Resources */ = {isa = PBXBuildFile; fileRef = 7240BAD42A4ACE0700121B7F /* Main.storyboard */; };
		7240BAD82A4ACE0800121B7F /* Assets.xcassets in Resources */ = {isa = PBXBuildFile; fileRef = 7240BAD72A4ACE0800121B7F /* Assets.xcassets */; };
		7240BADB2A4ACE0800121B7F /* LaunchScreen.storyboard in Resources */ = {isa = PBXBuildFile; fileRef = 7240BAD92A4ACE0800121B7F /* LaunchScreen.storyboard */; };
		7240BAE62A4ACE0800121B7F /* VKPageTests.swift in Sources */ = {isa = PBXBuildFile; fileRef = 7240BAE52A4ACE0800121B7F /* VKPageTests.swift */; };
		7240BAF02A4ACE0800121B7F /* VKPageUITests.swift in Sources */ = {isa = PBXBuildFile; fileRef = 7240BAEF2A4ACE0800121B7F /* VKPageUITests.swift */; };
		7240BAF22A4ACE0800121B7F /* VKPageUITestsLaunchTests.swift in Sources */ = {isa = PBXBuildFile; fileRef = 7240BAF12A4ACE0800121B7F /* VKPageUITestsLaunchTests.swift */; };
/* End PBXBuildFile section */

/* Begin PBXContainerItemProxy section */
		7240BAE22A4ACE0800121B7F /* PBXContainerItemProxy */ = {
			isa = PBXContainerItemProxy;
			containerPortal = 7240BAC32A4ACE0700121B7F /* Project object */;
			proxyType = 1;
			remoteGlobalIDString = 7240BACA2A4ACE0700121B7F;
			remoteInfo = VKPage;
		};
		7240BAEC2A4ACE0800121B7F /* PBXContainerItemProxy */ = {
			isa = PBXContainerItemProxy;
			containerPortal = 7240BAC32A4ACE0700121B7F /* Project object */;
			proxyType = 1;
			remoteGlobalIDString = 7240BACA2A4ACE0700121B7F;
			remoteInfo = VKPage;
		};
/* End PBXContainerItemProxy section */

/* Begin PBXFileReference section */
		7240BACB2A4ACE0700121B7F /* VKPage.app */ = {isa = PBXFileReference; explicitFileType = wrapper.application; includeInIndex = 0; path = VKPage.app; sourceTree = BUILT_PRODUCTS_DIR; };
		7240BACE2A4ACE0700121B7F /* AppDelegate.swift */ = {isa = PBXFileReference; lastKnownFileType = sourcecode.swift; path = AppDelegate.swift; sourceTree = "<group>"; };
		7240BAD02A4ACE0700121B7F /* SceneDelegate.swift */ = {isa = PBXFileReference; lastKnownFileType = sourcecode.swift; path = SceneDelegate.swift; sourceTree = "<group>"; };
		7240BAD22A4ACE0700121B7F /* ViewController.swift */ = {isa = PBXFileReference; lastKnownFileType = sourcecode.swift; path = ViewController.swift; sourceTree = "<group>"; };
		7240BAD52A4ACE0700121B7F /* Base */ = {isa = PBXFileReference; lastKnownFileType = file.storyboard; name = Base; path = Base.lproj/Main.storyboard; sourceTree = "<group>"; };
		7240BAD72A4ACE0800121B7F /* Assets.xcassets */ = {isa = PBXFileReference; lastKnownFileType = folder.assetcatalog; path = Assets.xcassets; sourceTree = "<group>"; };
		7240BADA2A4ACE0800121B7F /* Base */ = {isa = PBXFileReference; lastKnownFileType = file.storyboard; name = Base; path = Base.lproj/LaunchScreen.storyboard; sourceTree = "<group>"; };
		7240BADC2A4ACE0800121B7F /* Info.plist */ = {isa = PBXFileReference; lastKnownFileType = text.plist.xml; path = Info.plist; sourceTree = "<group>"; };
		7240BAE12A4ACE0800121B7F /* VKPageTests.xctest */ = {isa = PBXFileReference; explicitFileType = wrapper.cfbundle; includeInIndex = 0; path = VKPageTests.xctest; sourceTree = BUILT_PRODUCTS_DIR; };
		7240BAE52A4ACE0800121B7F /* VKPageTests.swift */ = {isa = PBXFileReference; lastKnownFileType = sourcecode.swift; path = VKPageTests.swift; sourceTree = "<group>"; };
		7240BAEB2A4ACE0800121B7F /* VKPageUITests.xctest */ = {isa = PBXFileReference; explicitFileType = wrapper.cfbundle; includeInIndex = 0; path = VKPageUITests.xctest; sourceTree = BUILT_PRODUCTS_DIR; };
		7240BAEF2A4ACE0800121B7F /* VKPageUITests.swift */ = {isa = PBXFileReference; lastKnownFileType = sourcecode.swift; path = VKPageUITests.swift; sourceTree = "<group>"; };
		7240BAF12A4ACE0800121B7F /* VKPageUITestsLaunchTests.swift */ = {isa = PBXFileReference; lastKnownFileType = sourcecode.swift; path = VKPageUITestsLaunchTests.swift; sourceTree = "<group>"; };
/* End PBXFileReference section */

/* Begin PBXFrameworksBuildPhase section */
		7240BAC82A4ACE0700121B7F /* Frameworks */ = {
			isa = PBXFrameworksBuildPhase;
			buildActionMask = 2147483647;
			files = (
			);
			runOnlyForDeploymentPostprocessing = 0;
		};
		7240BADE2A4ACE0800121B7F /* Frameworks */ = {
			isa = PBXFrameworksBuildPhase;
			buildActionMask = 2147483647;
			files = (
			);
			runOnlyForDeploymentPostprocessing = 0;
		};
		7240BAE82A4ACE0800121B7F /* Frameworks */ = {
			isa = PBXFrameworksBuildPhase;
			buildActionMask = 2147483647;
			files = (
			);
			runOnlyForDeploymentPostprocessing = 0;
		};
/* End PBXFrameworksBuildPhase section */

/* Begin PBXGroup section */
		7240BAC22A4ACE0700121B7F = {
			isa = PBXGroup;
			children = (
				7240BACD2A4ACE0700121B7F /* VKPage */,
				7240BAE42A4ACE0800121B7F /* VKPageTests */,
				7240BAEE2A4ACE0800121B7F /* VKPageUITests */,
				7240BACC2A4ACE0700121B7F /* Products */,
			);
			sourceTree = "<group>";
		};
		7240BACC2A4ACE0700121B7F /* Products */ = {
			isa = PBXGroup;
			children = (
				7240BACB2A4ACE0700121B7F /* VKPage.app */,
				7240BAE12A4ACE0800121B7F /* VKPageTests.xctest */,
				7240BAEB2A4ACE0800121B7F /* VKPageUITests.xctest */,
			);
			name = Products;
			sourceTree = "<group>";
		};
		7240BACD2A4ACE0700121B7F /* VKPage */ = {
			isa = PBXGroup;
			children = (
				7240BACE2A4ACE0700121B7F /* AppDelegate.swift */,
				7240BAD02A4ACE0700121B7F /* SceneDelegate.swift */,
				7240BAD22A4ACE0700121B7F /* ViewController.swift */,
				7240BAD42A4ACE0700121B7F /* Main.storyboard */,
				7240BAD72A4ACE0800121B7F /* Assets.xcassets */,
				7240BAD92A4ACE0800121B7F /* LaunchScreen.storyboard */,
				7240BADC2A4ACE0800121B7F /* Info.plist */,
			);
			path = VKPage;
			sourceTree = "<group>";
		};
		7240BAE42A4ACE0800121B7F /* VKPageTests */ = {
			isa = PBXGroup;
			children = (
				7240BAE52A4ACE0800121B7F /* VKPageTests.swift */,
			);
			path = VKPageTests;
			sourceTree = "<group>";
		};
		7240BAEE2A4ACE0800121B7F /* VKPageUITests */ = {
			isa = PBXGroup;
			children = (
				7240BAEF2A4ACE0800121B7F /* VKPageUITests.swift */,
				7240BAF12A4ACE0800121B7F /* VKPageUITestsLaunchTests.swift */,
			);
			path = VKPageUITests;
			sourceTree = "<group>";
		};
/* End PBXGroup section */

/* Begin PBXNativeTarget section */
		7240BACA2A4ACE0700121B7F /* VKPage */ = {
			isa = PBXNativeTarget;
			buildConfigurationList = 7240BAF52A4ACE0800121B7F /* Build configuration list for PBXNativeTarget "VKPage" */;
			buildPhases = (
				7240BAC72A4ACE0700121B7F /* Sources */,
				7240BAC82A4ACE0700121B7F /* Frameworks */,
				7240BAC92A4ACE0700121B7F /* Resources */,
			);
			buildRules = (
			);
			dependencies = (
			);
			name = VKPage;
			productName = VKPage;
			productReference = 7240BACB2A4ACE0700121B7F /* VKPage.app */;
			productType = "com.apple.product-type.application";
		};
		7240BAE02A4ACE0800121B7F /* VKPageTests */ = {
			isa = PBXNativeTarget;
			buildConfigurationList = 7240BAF82A4ACE0800121B7F /* Build configuration list for PBXNativeTarget "VKPageTests" */;
			buildPhases = (
				7240BADD2A4ACE0800121B7F /* Sources */,
				7240BADE2A4ACE0800121B7F /* Frameworks */,
				7240BADF2A4ACE0800121B7F /* Resources */,
			);
			buildRules = (
			);
			dependencies = (
				7240BAE32A4ACE0800121B7F /* PBXTargetDependency */,
			);
			name = VKPageTests;
			productName = VKPageTests;
			productReference = 7240BAE12A4ACE0800121B7F /* VKPageTests.xctest */;
			productType = "com.apple.product-type.bundle.unit-test";
		};
		7240BAEA2A4ACE0800121B7F /* VKPageUITests */ = {
			isa = PBXNativeTarget;
			buildConfigurationList = 7240BAFB2A4ACE0800121B7F /* Build configuration list for PBXNativeTarget "VKPageUITests" */;
			buildPhases = (
				7240BAE72A4ACE0800121B7F /* Sources */,
				7240BAE82A4ACE0800121B7F /* Frameworks */,
				7240BAE92A4ACE0800121B7F /* Resources */,
			);
			buildRules = (
			);
			dependencies = (
				7240BAED2A4ACE0800121B7F /* PBXTargetDependency */,
			);
			name = VKPageUITests;
			productName = VKPageUITests;
			productReference = 7240BAEB2A4ACE0800121B7F /* VKPageUITests.xctest */;
			productType = "com.apple.product-type.bundle.ui-testing";
		};
/* End PBXNativeTarget section */

/* Begin PBXProject section */
		7240BAC32A4ACE0700121B7F /* Project object */ = {
			isa = PBXProject;
			attributes = {
				BuildIndependentTargetsInParallel = 1;
				LastSwiftUpdateCheck = 1430;
				LastUpgradeCheck = 1430;
				TargetAttributes = {
					7240BACA2A4ACE0700121B7F = {
						CreatedOnToolsVersion = 14.3.1;
					};
					7240BAE02A4ACE0800121B7F = {
						CreatedOnToolsVersion = 14.3.1;
						TestTargetID = 7240BACA2A4ACE0700121B7F;
					};
					7240BAEA2A4ACE0800121B7F = {
						CreatedOnToolsVersion = 14.3.1;
						TestTargetID = 7240BACA2A4ACE0700121B7F;
					};
				};
			};
			buildConfigurationList = 7240BAC62A4ACE0700121B7F /* Build configuration list for PBXProject "VKPage" */;
			compatibilityVersion = "Xcode 14.0";
			developmentRegion = en;
			hasScannedForEncodings = 0;
			knownRegions = (
				en,
				Base,
			);
			mainGroup = 7240BAC22A4ACE0700121B7F;
			productRefGroup = 7240BACC2A4ACE0700121B7F /* Products */;
			projectDirPath = "";
			projectRoot = "";
			targets = (
				7240BACA2A4ACE0700121B7F /* VKPage */,
				7240BAE02A4ACE0800121B7F /* VKPageTests */,
				7240BAEA2A4ACE0800121B7F /* VKPageUITests */,
			);
		};
/* End PBXProject section */

/* Begin PBXResourcesBuildPhase section */
		7240BAC92A4ACE0700121B7F /* Resources */ = {
			isa = PBXResourcesBuildPhase;
			buildActionMask = 2147483647;
			files = (
				7240BADB2A4ACE0800121B7F /* LaunchScreen.storyboard in Resources */,
				7240BAD82A4ACE0800121B7F /* Assets.xcassets in Resources */,
				7240BAD62A4ACE0700121B7F /* Main.storyboard in Resources */,
			);
			runOnlyForDeploymentPostprocessing = 0;
		};
		7240BADF2A4ACE0800121B7F /* Resources */ = {
			isa = PBXResourcesBuildPhase;
			buildActionMask = 2147483647;
			files = (
			);
			runOnlyForDeploymentPostprocessing = 0;
		};
		7240BAE92A4ACE0800121B7F /* Resources */ = {
			isa = PBXResourcesBuildPhase;
			buildActionMask = 2147483647;
			files = (
			);
			runOnlyForDeploymentPostprocessing = 0;
		};
/* End PBXResourcesBuildPhase section */

/* Begin PBXSourcesBuildPhase section */
		7240BAC72A4ACE0700121B7F /* Sources */ = {
			isa = PBXSourcesBuildPhase;
			buildActionMask = 2147483647;
			files = (
				7240BAD32A4ACE0700121B7F /* ViewController.swift in Sources */,
				7240BACF2A4ACE0700121B7F /* AppDelegate.swift in Sources */,
				7240BAD12A4ACE0700121B7F /* SceneDelegate.swift in Sources */,
			);
			runOnlyForDeploymentPostprocessing = 0;
		};
		7240BADD2A4ACE0800121B7F /* Sources */ = {
			isa = PBXSourcesBuildPhase;
			buildActionMask = 2147483647;
			files = (
				7240BAE62A4ACE0800121B7F /* VKPageTests.swift in Sources */,
			);
			runOnlyForDeploymentPostprocessing = 0;
		};
		7240BAE72A4ACE0800121B7F /* Sources */ = {
			isa = PBXSourcesBuildPhase;
			buildActionMask = 2147483647;
			files = (
				7240BAF22A4ACE0800121B7F /* VKPageUITestsLaunchTests.swift in Sources */,
				7240BAF02A4ACE0800121B7F /* VKPageUITests.swift in Sources */,
			);
			runOnlyForDeploymentPostprocessing = 0;
		};
/* End PBXSourcesBuildPhase section */

/* Begin PBXTargetDependency section */
		7240BAE32A4ACE0800121B7F /* PBXTargetDependency */ = {
			isa = PBXTargetDependency;
			target = 7240BACA2A4ACE0700121B7F /* VKPage */;
			targetProxy = 7240BAE22A4ACE0800121B7F /* PBXContainerItemProxy */;
		};
		7240BAED2A4ACE0800121B7F /* PBXTargetDependency */ = {
			isa = PBXTargetDependency;
			target = 7240BACA2A4ACE0700121B7F /* VKPage */;
			targetProxy = 7240BAEC2A4ACE0800121B7F /* PBXContainerItemProxy */;
		};
/* End PBXTargetDependency section */

/* Begin PBXVariantGroup section */
		7240BAD42A4ACE0700121B7F /* Main.storyboard */ = {
			isa = PBXVariantGroup;
			children = (
				7240BAD52A4ACE0700121B7F /* Base */,
			);
			name = Main.storyboard;
			sourceTree = "<group>";
		};
		7240BAD92A4ACE0800121B7F /* LaunchScreen.storyboard */ = {
			isa = PBXVariantGroup;
			children = (
				7240BADA2A4ACE0800121B7F /* Base */,
			);
			name = LaunchScreen.storyboard;
			sourceTree = "<group>";
		};
/* End PBXVariantGroup section */

/* Begin XCBuildConfiguration section */
		7240BAF32A4ACE0800121B7F /* Debug */ = {
			isa = XCBuildConfiguration;
			buildSettings = {
				ALWAYS_SEARCH_USER_PATHS = NO;
				CLANG_ANALYZER_NONNULL = YES;
				CLANG_ANALYZER_NUMBER_OBJECT_CONVERSION = YES_AGGRESSIVE;
				CLANG_CXX_LANGUAGE_STANDARD = "gnu++20";
				CLANG_ENABLE_MODULES = YES;
				CLANG_ENABLE_OBJC_ARC = YES;
				CLANG_ENABLE_OBJC_WEAK = YES;
				CLANG_WARN_BLOCK_CAPTURE_AUTORELEASING = YES;
				CLANG_WARN_BOOL_CONVERSION = YES;
				CLANG_WARN_COMMA = YES;
				CLANG_WARN_CONSTANT_CONVERSION = YES;
				CLANG_WARN_DEPRECATED_OBJC_IMPLEMENTATIONS = YES;
				CLANG_WARN_DIRECT_OBJC_ISA_USAGE = YES_ERROR;
				CLANG_WARN_DOCUMENTATION_COMMENTS = YES;
				CLANG_WARN_EMPTY_BODY = YES;
				CLANG_WARN_ENUM_CONVERSION = YES;
				CLANG_WARN_INFINITE_RECURSION = YES;
				CLANG_WARN_INT_CONVERSION = YES;
				CLANG_WARN_NON_LITERAL_NULL_CONVERSION = YES;
				CLANG_WARN_OBJC_IMPLICIT_RETAIN_SELF = YES;
				CLANG_WARN_OBJC_LITERAL_CONVERSION = YES;
				CLANG_WARN_OBJC_ROOT_CLASS = YES_ERROR;
				CLANG_WARN_QUOTED_INCLUDE_IN_FRAMEWORK_HEADER = YES;
				CLANG_WARN_RANGE_LOOP_ANALYSIS = YES;
				CLANG_WARN_STRICT_PROTOTYPES = YES;
				CLANG_WARN_SUSPICIOUS_MOVE = YES;
				CLANG_WARN_UNGUARDED_AVAILABILITY = YES_AGGRESSIVE;
				CLANG_WARN_UNREACHABLE_CODE = YES;
				CLANG_WARN__DUPLICATE_METHOD_MATCH = YES;
				COPY_PHASE_STRIP = NO;
				DEBUG_INFORMATION_FORMAT = dwarf;
				ENABLE_STRICT_OBJC_MSGSEND = YES;
				ENABLE_TESTABILITY = YES;
				GCC_C_LANGUAGE_STANDARD = gnu11;
				GCC_DYNAMIC_NO_PIC = NO;
				GCC_NO_COMMON_BLOCKS = YES;
				GCC_OPTIMIZATION_LEVEL = 0;
				GCC_PREPROCESSOR_DEFINITIONS = (
					"DEBUG=1",
					"$(inherited)",
				);
				GCC_WARN_64_TO_32_BIT_CONVERSION = YES;
				GCC_WARN_ABOUT_RETURN_TYPE = YES_ERROR;
				GCC_WARN_UNDECLARED_SELECTOR = YES;
				GCC_WARN_UNINITIALIZED_AUTOS = YES_AGGRESSIVE;
				GCC_WARN_UNUSED_FUNCTION = YES;
				GCC_WARN_UNUSED_VARIABLE = YES;
				IPHONEOS_DEPLOYMENT_TARGET = 16.4;
				MTL_ENABLE_DEBUG_INFO = INCLUDE_SOURCE;
				MTL_FAST_MATH = YES;
				ONLY_ACTIVE_ARCH = YES;
				SDKROOT = iphoneos;
				SWIFT_ACTIVE_COMPILATION_CONDITIONS = DEBUG;
				SWIFT_OPTIMIZATION_LEVEL = "-Onone";
			};
			name = Debug;
		};
		7240BAF42A4ACE0800121B7F /* Release */ = {
			isa = XCBuildConfiguration;
			buildSettings = {
				ALWAYS_SEARCH_USER_PATHS = NO;
				CLANG_ANALYZER_NONNULL = YES;
				CLANG_ANALYZER_NUMBER_OBJECT_CONVERSION = YES_AGGRESSIVE;
				CLANG_CXX_LANGUAGE_STANDARD = "gnu++20";
				CLANG_ENABLE_MODULES = YES;
				CLANG_ENABLE_OBJC_ARC = YES;
				CLANG_ENABLE_OBJC_WEAK = YES;
				CLANG_WARN_BLOCK_CAPTURE_AUTORELEASING = YES;
				CLANG_WARN_BOOL_CONVERSION = YES;
				CLANG_WARN_COMMA = YES;
				CLANG_WARN_CONSTANT_CONVERSION = YES;
				CLANG_WARN_DEPRECATED_OBJC_IMPLEMENTATIONS = YES;
				CLANG_WARN_DIRECT_OBJC_ISA_USAGE = YES_ERROR;
				CLANG_WARN_DOCUMENTATION_COMMENTS = YES;
				CLANG_WARN_EMPTY_BODY = YES;
				CLANG_WARN_ENUM_CONVERSION = YES;
				CLANG_WARN_INFINITE_RECURSION = YES;
				CLANG_WARN_INT_CONVERSION = YES;
				CLANG_WARN_NON_LITERAL_NULL_CONVERSION = YES;
				CLANG_WARN_OBJC_IMPLICIT_RETAIN_SELF = YES;
				CLANG_WARN_OBJC_LITERAL_CONVERSION = YES;
				CLANG_WARN_OBJC_ROOT_CLASS = YES_ERROR;
				CLANG_WARN_QUOTED_INCLUDE_IN_FRAMEWORK_HEADER = YES;
				CLANG_WARN_RANGE_LOOP_ANALYSIS = YES;
				CLANG_WARN_STRICT_PROTOTYPES = YES;
				CLANG_WARN_SUSPICIOUS_MOVE = YES;
				CLANG_WARN_UNGUARDED_AVAILABILITY = YES_AGGRESSIVE;
				CLANG_WARN_UNREACHABLE_CODE = YES;
				CLANG_WARN__DUPLICATE_METHOD_MATCH = YES;
				COPY_PHASE_STRIP = NO;
				DEBUG_INFORMATION_FORMAT = "dwarf-with-dsym";
				ENABLE_NS_ASSERTIONS = NO;
				ENABLE_STRICT_OBJC_MSGSEND = YES;
				GCC_C_LANGUAGE_STANDARD = gnu11;
				GCC_NO_COMMON_BLOCKS = YES;
				GCC_WARN_64_TO_32_BIT_CONVERSION = YES;
				GCC_WARN_ABOUT_RETURN_TYPE = YES_ERROR;
				GCC_WARN_UNDECLARED_SELECTOR = YES;
				GCC_WARN_UNINITIALIZED_AUTOS = YES_AGGRESSIVE;
				GCC_WARN_UNUSED_FUNCTION = YES;
				GCC_WARN_UNUSED_VARIABLE = YES;
				IPHONEOS_DEPLOYMENT_TARGET = 16.4;
				MTL_ENABLE_DEBUG_INFO = NO;
				MTL_FAST_MATH = YES;
				SDKROOT = iphoneos;
				SWIFT_COMPILATION_MODE = wholemodule;
				SWIFT_OPTIMIZATION_LEVEL = "-O";
				VALIDATE_PRODUCT = YES;
			};
			name = Release;
		};
		7240BAF62A4ACE0800121B7F /* Debug */ = {
			isa = XCBuildConfiguration;
			buildSettings = {
				ASSETCATALOG_COMPILER_APPICON_NAME = AppIcon;
				ASSETCATALOG_COMPILER_GLOBAL_ACCENT_COLOR_NAME = AccentColor;
				CODE_SIGN_STYLE = Automatic;
				CURRENT_PROJECT_VERSION = 1;
				DEVELOPMENT_TEAM = HJ5JF3F29D;
				GENERATE_INFOPLIST_FILE = YES;
				INFOPLIST_FILE = VKPage/Info.plist;
				INFOPLIST_KEY_UIApplicationSupportsIndirectInputEvents = YES;
				INFOPLIST_KEY_UILaunchStoryboardName = LaunchScreen;
				INFOPLIST_KEY_UIMainStoryboardFile = Main;
				INFOPLIST_KEY_UISupportedInterfaceOrientations_iPad = "UIInterfaceOrientationPortrait UIInterfaceOrientationPortraitUpsideDown UIInterfaceOrientationLandscapeLeft UIInterfaceOrientationLandscapeRight";
				INFOPLIST_KEY_UISupportedInterfaceOrientations_iPhone = "UIInterfaceOrientationPortrait UIInterfaceOrientationLandscapeLeft UIInterfaceOrientationLandscapeRight";
				LD_RUNPATH_SEARCH_PATHS = (
					"$(inherited)",
					"@executable_path/Frameworks",
				);
				MARKETING_VERSION = 1.0;
				PRODUCT_BUNDLE_IDENTIFIER = test.VKPage;
				PRODUCT_NAME = "$(TARGET_NAME)";
				SWIFT_EMIT_LOC_STRINGS = YES;
				SWIFT_VERSION = 5.0;
				TARGETED_DEVICE_FAMILY = "1,2";
			};
			name = Debug;
		};
		7240BAF72A4ACE0800121B7F /* Release */ = {
			isa = XCBuildConfiguration;
			buildSettings = {
				ASSETCATALOG_COMPILER_APPICON_NAME = AppIcon;
				ASSETCATALOG_COMPILER_GLOBAL_ACCENT_COLOR_NAME = AccentColor;
				CODE_SIGN_STYLE = Automatic;
				CURRENT_PROJECT_VERSION = 1;
				DEVELOPMENT_TEAM = HJ5JF3F29D;
				GENERATE_INFOPLIST_FILE = YES;
				INFOPLIST_FILE = VKPage/Info.plist;
				INFOPLIST_KEY_UIApplicationSupportsIndirectInputEvents = YES;
				INFOPLIST_KEY_UILaunchStoryboardName = LaunchScreen;
				INFOPLIST_KEY_UIMainStoryboardFile = Main;
				INFOPLIST_KEY_UISupportedInterfaceOrientations_iPad = "UIInterfaceOrientationPortrait UIInterfaceOrientationPortraitUpsideDown UIInterfaceOrientationLandscapeLeft UIInterfaceOrientationLandscapeRight";
				INFOPLIST_KEY_UISupportedInterfaceOrientations_iPhone = "UIInterfaceOrientationPortrait UIInterfaceOrientationLandscapeLeft UIInterfaceOrientationLandscapeRight";
				LD_RUNPATH_SEARCH_PATHS = (
					"$(inherited)",
					"@executable_path/Frameworks",
				);
				MARKETING_VERSION = 1.0;
				PRODUCT_BUNDLE_IDENTIFIER = test.VKPage;
				PRODUCT_NAME = "$(TARGET_NAME)";
				SWIFT_EMIT_LOC_STRINGS = YES;
				SWIFT_VERSION = 5.0;
				TARGETED_DEVICE_FAMILY = "1,2";
			};
			name = Release;
		};
		7240BAF92A4ACE0800121B7F /* Debug */ = {
			isa = XCBuildConfiguration;
			buildSettings = {
				ALWAYS_EMBED_SWIFT_STANDARD_LIBRARIES = YES;
				BUNDLE_LOADER = "$(TEST_HOST)";
				CODE_SIGN_STYLE = Automatic;
				CURRENT_PROJECT_VERSION = 1;
				DEVELOPMENT_TEAM = HJ5JF3F29D;
				GENERATE_INFOPLIST_FILE = YES;
				IPHONEOS_DEPLOYMENT_TARGET = 16.4;
				MARKETING_VERSION = 1.0;
				PRODUCT_BUNDLE_IDENTIFIER = test.VKPageTests;
				PRODUCT_NAME = "$(TARGET_NAME)";
				SWIFT_EMIT_LOC_STRINGS = NO;
				SWIFT_VERSION = 5.0;
				TARGETED_DEVICE_FAMILY = "1,2";
				TEST_HOST = "$(BUILT_PRODUCTS_DIR)/VKPage.app/$(BUNDLE_EXECUTABLE_FOLDER_PATH)/VKPage";
			};
			name = Debug;
		};
		7240BAFA2A4ACE0800121B7F /* Release */ = {
			isa = XCBuildConfiguration;
			buildSettings = {
				ALWAYS_EMBED_SWIFT_STANDARD_LIBRARIES = YES;
				BUNDLE_LOADER = "$(TEST_HOST)";
				CODE_SIGN_STYLE = Automatic;
				CURRENT_PROJECT_VERSION = 1;
				DEVELOPMENT_TEAM = HJ5JF3F29D;
				GENERATE_INFOPLIST_FILE = YES;
				IPHONEOS_DEPLOYMENT_TARGET = 16.4;
				MARKETING_VERSION = 1.0;
				PRODUCT_BUNDLE_IDENTIFIER = test.VKPageTests;
				PRODUCT_NAME = "$(TARGET_NAME)";
				SWIFT_EMIT_LOC_STRINGS = NO;
				SWIFT_VERSION = 5.0;
				TARGETED_DEVICE_FAMILY = "1,2";
				TEST_HOST = "$(BUILT_PRODUCTS_DIR)/VKPage.app/$(BUNDLE_EXECUTABLE_FOLDER_PATH)/VKPage";
			};
			name = Release;
		};
		7240BAFC2A4ACE0800121B7F /* Debug */ = {
			isa = XCBuildConfiguration;
			buildSettings = {
				ALWAYS_EMBED_SWIFT_STANDARD_LIBRARIES = YES;
				CODE_SIGN_STYLE = Automatic;
				CURRENT_PROJECT_VERSION = 1;
				DEVELOPMENT_TEAM = HJ5JF3F29D;
				GENERATE_INFOPLIST_FILE = YES;
				MARKETING_VERSION = 1.0;
				PRODUCT_BUNDLE_IDENTIFIER = test.VKPageUITests;
				PRODUCT_NAME = "$(TARGET_NAME)";
				SWIFT_EMIT_LOC_STRINGS = NO;
				SWIFT_VERSION = 5.0;
				TARGETED_DEVICE_FAMILY = "1,2";
				TEST_TARGET_NAME = VKPage;
			};
			name = Debug;
		};
		7240BAFD2A4ACE0800121B7F /* Release */ = {
			isa = XCBuildConfiguration;
			buildSettings = {
				ALWAYS_EMBED_SWIFT_STANDARD_LIBRARIES = YES;
				CODE_SIGN_STYLE = Automatic;
				CURRENT_PROJECT_VERSION = 1;
				DEVELOPMENT_TEAM = HJ5JF3F29D;
				GENERATE_INFOPLIST_FILE = YES;
				MARKETING_VERSION = 1.0;
				PRODUCT_BUNDLE_IDENTIFIER = test.VKPageUITests;
				PRODUCT_NAME = "$(TARGET_NAME)";
				SWIFT_EMIT_LOC_STRINGS = NO;
				SWIFT_VERSION = 5.0;
				TARGETED_DEVICE_FAMILY = "1,2";
				TEST_TARGET_NAME = VKPage;
			};
			name = Release;
		};
/* End XCBuildConfiguration section */

/* Begin XCConfigurationList section */
		7240BAC62A4ACE0700121B7F /* Build configuration list for PBXProject "VKPage" */ = {
			isa = XCConfigurationList;
			buildConfigurations = (
				7240BAF32A4ACE0800121B7F /* Debug */,
				7240BAF42A4ACE0800121B7F /* Release */,
			);
			defaultConfigurationIsVisible = 0;
			defaultConfigurationName = Release;
		};
		7240BAF52A4ACE0800121B7F /* Build configuration list for PBXNativeTarget "VKPage" */ = {
			isa = XCConfigurationList;
			buildConfigurations = (
				7240BAF62A4ACE0800121B7F /* Debug */,
				7240BAF72A4ACE0800121B7F /* Release */,
			);
			defaultConfigurationIsVisible = 0;
			defaultConfigurationName = Release;
		};
		7240BAF82A4ACE0800121B7F /* Build configuration list for PBXNativeTarget "VKPageTests" */ = {
			isa = XCConfigurationList;
			buildConfigurations = (
				7240BAF92A4ACE0800121B7F /* Debug */,
				7240BAFA2A4ACE0800121B7F /* Release */,
			);
			defaultConfigurationIsVisible = 0;
			defaultConfigurationName = Release;
		};
		7240BAFB2A4ACE0800121B7F /* Build configuration list for PBXNativeTarget "VKPageUITests" */ = {
			isa = XCConfigurationList;
			buildConfigurations = (
				7240BAFC2A4ACE0800121B7F /* Debug */,
				7240BAFD2A4ACE0800121B7F /* Release */,
			);
			defaultConfigurationIsVisible = 0;
			defaultConfigurationName = Release;
		};
/* End XCConfigurationList section */
	};
	rootObject = 7240BAC32A4ACE0700121B7F /* Project object */;
}
